// !$*UTF8*$!
{
	archiveVersion = 1;
	classes = {
	};
	objectVersion = 77;
	objects = {

/* Begin PBXBuildFile section */
		7D66216A2E412B900083447F /* AFButton.swift in Sources */ = {isa = PBXBuildFile; fileRef = 7D6621542E412B900083447F /* AFButton.swift */; };
		7D66216B2E412B900083447F /* FrameworkTitleView.swift in Sources */ = {isa = PBXBuildFile; fileRef = 7D66215B2E412B900083447F /* FrameworkTitleView.swift */; };
		7D66216C2E412B900083447F /* XDismiss button.swift in Sources */ = {isa = PBXBuildFile; fileRef = 7D66215D2E412B900083447F /* XDismiss button.swift */; };
		7D66216D2E412B900083447F /* Framework.swift in Sources */ = {isa = PBXBuildFile; fileRef = 7D6621572E412B900083447F /* Framework.swift */; };
		7D66216E2E412B900083447F /* FrameworkDetailView.swift in Sources */ = {isa = PBXBuildFile; fileRef = 7D6621582E412B900083447F /* FrameworkDetailView.swift */; };
		7D66216F2E412B900083447F /* FrameworkGridViewModel.swift in Sources */ = {isa = PBXBuildFile; fileRef = 7D66215A2E412B900083447F /* FrameworkGridViewModel.swift */; };
		7D6621702E412B900083447F /* FramewApp.swift in Sources */ = {isa = PBXBuildFile; fileRef = 7D6621562E412B900083447F /* FramewApp.swift */; };
		7D6621712E412B900083447F /* SafariView.swift in Sources */ = {isa = PBXBuildFile; fileRef = 7D66215C2E412B900083447F /* SafariView.swift */; };
		7D6621722E412B900083447F /* FrameworkGridView.swift in Sources */ = {isa = PBXBuildFile; fileRef = 7D6621592E412B900083447F /* FrameworkGridView.swift */; };
		7D6621732E412B900083447F /* Preview Assets.xcassets in Resources */ = {isa = PBXBuildFile; fileRef = 7D6621522E412B900083447F /* Preview Assets.xcassets */; };
		7D6621742E412B900083447F /* Assets.xcassets in Resources */ = {isa = PBXBuildFile; fileRef = 7D6621552E412B900083447F /* Assets.xcassets */; };
/* End PBXBuildFile section */

/* Begin PBXContainerItemProxy section */
		7D66209C2E32B1D70083447F /* PBXContainerItemProxy */ = {
			isa = PBXContainerItemProxy;
			containerPortal = 7D6620832E32B1D60083447F /* Project object */;
			proxyType = 1;
			remoteGlobalIDString = 7D66208A2E32B1D60083447F;
			remoteInfo = Framew;
		};
		7D6620A62E32B1D70083447F /* PBXContainerItemProxy */ = {
			isa = PBXContainerItemProxy;
			containerPortal = 7D6620832E32B1D60083447F /* Project object */;
			proxyType = 1;
			remoteGlobalIDString = 7D66208A2E32B1D60083447F;
			remoteInfo = Framew;
		};
/* End PBXContainerItemProxy section */

/* Begin PBXFileReference section */
		7D66208B2E32B1D60083447F /* Framew.app */ = {isa = PBXFileReference; explicitFileType = wrapper.application; includeInIndex = 0; path = Framew.app; sourceTree = BUILT_PRODUCTS_DIR; };
		7D66209B2E32B1D70083447F /* FramewTests.xctest */ = {isa = PBXFileReference; explicitFileType = wrapper.cfbundle; includeInIndex = 0; path = FramewTests.xctest; sourceTree = BUILT_PRODUCTS_DIR; };
		7D6620A52E32B1D70083447F /* FramewUITests.xctest */ = {isa = PBXFileReference; explicitFileType = wrapper.cfbundle; includeInIndex = 0; path = FramewUITests.xctest; sourceTree = BUILT_PRODUCTS_DIR; };
		7D6621522E412B900083447F /* Preview Assets.xcassets */ = {isa = PBXFileReference; lastKnownFileType = folder.assetcatalog; path = "Preview Assets.xcassets"; sourceTree = "<group>"; };
		7D6621542E412B900083447F /* AFButton.swift */ = {isa = PBXFileReference; lastKnownFileType = sourcecode.swift; path = AFButton.swift; sourceTree = "<group>"; };
		7D6621552E412B900083447F /* Assets.xcassets */ = {isa = PBXFileReference; lastKnownFileType = folder.assetcatalog; path = Assets.xcassets; sourceTree = "<group>"; };
		7D6621562E412B900083447F /* FramewApp.swift */ = {isa = PBXFileReference; lastKnownFileType = sourcecode.swift; path = FramewApp.swift; sourceTree = "<group>"; };
		7D6621572E412B900083447F /* Framework.swift */ = {isa = PBXFileReference; lastKnownFileType = sourcecode.swift; path = Framework.swift; sourceTree = "<group>"; };
		7D6621582E412B900083447F /* FrameworkDetailView.swift */ = {isa = PBXFileReference; lastKnownFileType = sourcecode.swift; path = FrameworkDetailView.swift; sourceTree = "<group>"; };
		7D6621592E412B900083447F /* FrameworkGridView.swift */ = {isa = PBXFileReference; lastKnownFileType = sourcecode.swift; path = FrameworkGridView.swift; sourceTree = "<group>"; };
		7D66215A2E412B900083447F /* FrameworkGridViewModel.swift */ = {isa = PBXFileReference; lastKnownFileType = sourcecode.swift; path = FrameworkGridViewModel.swift; sourceTree = "<group>"; };
		7D66215B2E412B900083447F /* FrameworkTitleView.swift */ = {isa = PBXFileReference; lastKnownFileType = sourcecode.swift; path = FrameworkTitleView.swift; sourceTree = "<group>"; };
		7D66215C2E412B900083447F /* SafariView.swift */ = {isa = PBXFileReference; lastKnownFileType = sourcecode.swift; path = SafariView.swift; sourceTree = "<group>"; };
		7D66215D2E412B900083447F /* XDismiss button.swift */ = {isa = PBXFileReference; lastKnownFileType = sourcecode.swift; path = "XDismiss button.swift"; sourceTree = "<group>"; };
/* End PBXFileReference section */

/* Begin PBXFileSystemSynchronizedRootGroup section */
		7D66209E2E32B1D70083447F /* FramewTests */ = {
			isa = PBXFileSystemSynchronizedRootGroup;
			path = FramewTests;
			sourceTree = "<group>";
		};
		7D6620A82E32B1D70083447F /* FramewUITests */ = {
			isa = PBXFileSystemSynchronizedRootGroup;
			path = FramewUITests;
			sourceTree = "<group>";
		};
/* End PBXFileSystemSynchronizedRootGroup section */

/* Begin PBXFrameworksBuildPhase section */
		7D6620882E32B1D60083447F /* Frameworks */ = {
			isa = PBXFrameworksBuildPhase;
			buildActionMask = 2147483647;
			files = (
			);
			runOnlyForDeploymentPostprocessing = 0;
		};
		7D6620982E32B1D70083447F /* Frameworks */ = {
			isa = PBXFrameworksBuildPhase;
			buildActionMask = 2147483647;
			files = (
			);
			runOnlyForDeploymentPostprocessing = 0;
		};
		7D6620A22E32B1D70083447F /* Frameworks */ = {
			isa = PBXFrameworksBuildPhase;
			buildActionMask = 2147483647;
			files = (
			);
			runOnlyForDeploymentPostprocessing = 0;
		};
/* End PBXFrameworksBuildPhase section */

/* Begin PBXGroup section */
		7D6620822E32B1D60083447F = {
			isa = PBXGroup;
			children = (
				7D66215E2E412B900083447F /* Framew */,
				7D66209E2E32B1D70083447F /* FramewTests */,
				7D6620A82E32B1D70083447F /* FramewUITests */,
				7D66208C2E32B1D60083447F /* Products */,
			);
			sourceTree = "<group>";
		};
		7D66208C2E32B1D60083447F /* Products */ = {
			isa = PBXGroup;
			children = (
				7D66208B2E32B1D60083447F /* Framew.app */,
				7D66209B2E32B1D70083447F /* FramewTests.xctest */,
				7D6620A52E32B1D70083447F /* FramewUITests.xctest */,
			);
			name = Products;
			sourceTree = "<group>";
		};
		7D6621532E412B900083447F /* Preview Content */ = {
			isa = PBXGroup;
			children = (
				7D6621522E412B900083447F /* Preview Assets.xcassets */,
			);
			path = "Preview Content";
			sourceTree = "<group>";
		};
		7D66215E2E412B900083447F /* Framew */ = {
			isa = PBXGroup;
			children = (
				7D66217C2E412CF20083447F /* SwiftUIComponents */,
				7D6621792E412C980083447F /* Views */,
				7D6621532E412B900083447F /* Preview Content */,
				7D6621752E412BB10083447F /* Screens */,
				7D6621782E412C5F0083447F /* Model */,
			);
			path = Framew;
			sourceTree = "<group>";
		};
		7D6621752E412BB10083447F /* Screens */ = {
			isa = PBXGroup;
			children = (
				7D6621762E412BCA0083447F /* FrameworkGridView */,
				7D6621772E412BE80083447F /* FrameworkDetailView */,
			);
			path = Screens;
			sourceTree = "<group>";
		};
		7D6621762E412BCA0083447F /* FrameworkGridView */ = {
			isa = PBXGroup;
			children = (
				7D6621592E412B900083447F /* FrameworkGridView.swift */,
				7D66215A2E412B900083447F /* FrameworkGridViewModel.swift */,
			);
			path = FrameworkGridView;
			sourceTree = "<group>";
		};
		7D6621772E412BE80083447F /* FrameworkDetailView */ = {
			isa = PBXGroup;
			children = (
				7D6621582E412B900083447F /* FrameworkDetailView.swift */,
			);
			path = FrameworkDetailView;
			sourceTree = "<group>";
		};
		7D6621782E412C5F0083447F /* Model */ = {
			isa = PBXGroup;
			children = (
				7D6621572E412B900083447F /* Framework.swift */,
			);
			path = Model;
			sourceTree = "<group>";
		};
		7D6621792E412C980083447F /* Views */ = {
			isa = PBXGroup;
			children = (
				7D66217B2E412CB90083447F /* View */,
				7D66217A2E412CA70083447F /* Buttons */,
			);
			path = Views;
			sourceTree = "<group>";
		};
		7D66217A2E412CA70083447F /* Buttons */ = {
			isa = PBXGroup;
			children = (
				7D6621542E412B900083447F /* AFButton.swift */,
				7D66215D2E412B900083447F /* XDismiss button.swift */,
			);
			path = Buttons;
			sourceTree = "<group>";
		};
		7D66217B2E412CB90083447F /* View */ = {
			isa = PBXGroup;
			children = (
				7D6621552E412B900083447F /* Assets.xcassets */,
				7D6621562E412B900083447F /* FramewApp.swift */,
				7D66215B2E412B900083447F /* FrameworkTitleView.swift */,
			);
			path = View;
			sourceTree = "<group>";
		};
		7D66217C2E412CF20083447F /* SwiftUIComponents */ = {
			isa = PBXGroup;
			children = (
				7D66215C2E412B900083447F /* SafariView.swift */,
			);
			path = SwiftUIComponents;
			sourceTree = "<group>";
		};
/* End PBXGroup section */

/* Begin PBXNativeTarget section */
		7D66208A2E32B1D60083447F /* Framew */ = {
			isa = PBXNativeTarget;
			buildConfigurationList = 7D6620AF2E32B1D70083447F /* Build configuration list for PBXNativeTarget "Framew" */;
			buildPhases = (
				7D6620872E32B1D60083447F /* Sources */,
				7D6620882E32B1D60083447F /* Frameworks */,
				7D6620892E32B1D60083447F /* Resources */,
			);
			buildRules = (
			);
			dependencies = (
			);
			name = Framew;
			packageProductDependencies = (
			);
			productName = Framew;
			productReference = 7D66208B2E32B1D60083447F /* Framew.app */;
			productType = "com.apple.product-type.application";
		};
		7D66209A2E32B1D70083447F /* FramewTests */ = {
			isa = PBXNativeTarget;
			buildConfigurationList = 7D6620B22E32B1D70083447F /* Build configuration list for PBXNativeTarget "FramewTests" */;
			buildPhases = (
				7D6620972E32B1D70083447F /* Sources */,
				7D6620982E32B1D70083447F /* Frameworks */,
				7D6620992E32B1D70083447F /* Resources */,
			);
			buildRules = (
			);
			dependencies = (
				7D66209D2E32B1D70083447F /* PBXTargetDependency */,
			);
			fileSystemSynchronizedGroups = (
				7D66209E2E32B1D70083447F /* FramewTests */,
			);
			name = FramewTests;
			packageProductDependencies = (
			);
			productName = FramewTests;
			productReference = 7D66209B2E32B1D70083447F /* FramewTests.xctest */;
			productType = "com.apple.product-type.bundle.unit-test";
		};
		7D6620A42E32B1D70083447F /* FramewUITests */ = {
			isa = PBXNativeTarget;
			buildConfigurationList = 7D6620B52E32B1D70083447F /* Build configuration list for PBXNativeTarget "FramewUITests" */;
			buildPhases = (
				7D6620A12E32B1D70083447F /* Sources */,
				7D6620A22E32B1D70083447F /* Frameworks */,
				7D6620A32E32B1D70083447F /* Resources */,
			);
			buildRules = (
			);
			dependencies = (
				7D6620A72E32B1D70083447F /* PBXTargetDependency */,
			);
			fileSystemSynchronizedGroups = (
				7D6620A82E32B1D70083447F /* FramewUITests */,
			);
			name = FramewUITests;
			packageProductDependencies = (
			);
			productName = FramewUITests;
			productReference = 7D6620A52E32B1D70083447F /* FramewUITests.xctest */;
			productType = "com.apple.product-type.bundle.ui-testing";
		};
/* End PBXNativeTarget section */

/* Begin PBXProject section */
		7D6620832E32B1D60083447F /* Project object */ = {
			isa = PBXProject;
			attributes = {
				BuildIndependentTargetsInParallel = 1;
				LastSwiftUpdateCheck = 1600;
				LastUpgradeCheck = 1600;
				TargetAttributes = {
					7D66208A2E32B1D60083447F = {
						CreatedOnToolsVersion = 16.0;
					};
					7D66209A2E32B1D70083447F = {
						CreatedOnToolsVersion = 16.0;
						TestTargetID = 7D66208A2E32B1D60083447F;
					};
					7D6620A42E32B1D70083447F = {
						CreatedOnToolsVersion = 16.0;
						TestTargetID = 7D66208A2E32B1D60083447F;
					};
				};
			};
			buildConfigurationList = 7D6620862E32B1D60083447F /* Build configuration list for PBXProject "Framew" */;
			developmentRegion = en;
			hasScannedForEncodings = 0;
			knownRegions = (
				en,
				Base,
			);
			mainGroup = 7D6620822E32B1D60083447F;
			minimizedProjectReferenceProxies = 1;
			preferredProjectObjectVersion = 77;
			productRefGroup = 7D66208C2E32B1D60083447F /* Products */;
			projectDirPath = "";
			projectRoot = "";
			targets = (
				7D66208A2E32B1D60083447F /* Framew */,
				7D66209A2E32B1D70083447F /* FramewTests */,
				7D6620A42E32B1D70083447F /* FramewUITests */,
			);
		};
/* End PBXProject section */

/* Begin PBXResourcesBuildPhase section */
		7D6620892E32B1D60083447F /* Resources */ = {
			isa = PBXResourcesBuildPhase;
			buildActionMask = 2147483647;
			files = (
				7D6621732E412B900083447F /* Preview Assets.xcassets in Resources */,
				7D6621742E412B900083447F /* Assets.xcassets in Resources */,
			);
			runOnlyForDeploymentPostprocessing = 0;
		};
		7D6620992E32B1D70083447F /* Resources */ = {
			isa = PBXResourcesBuildPhase;
			buildActionMask = 2147483647;
			files = (
			);
			runOnlyForDeploymentPostprocessing = 0;
		};
		7D6620A32E32B1D70083447F /* Resources */ = {
			isa = PBXResourcesBuildPhase;
			buildActionMask = 2147483647;
			files = (
			);
			runOnlyForDeploymentPostprocessing = 0;
		};
/* End PBXResourcesBuildPhase section */

/* Begin PBXSourcesBuildPhase section */
		7D6620872E32B1D60083447F /* Sources */ = {
			isa = PBXSourcesBuildPhase;
			buildActionMask = 2147483647;
			files = (
				7D66216A2E412B900083447F /* AFButton.swift in Sources */,
				7D66216B2E412B900083447F /* FrameworkTitleView.swift in Sources */,
				7D66216C2E412B900083447F /* XDismiss button.swift in Sources */,
				7D66216D2E412B900083447F /* Framework.swift in Sources */,
				7D66216E2E412B900083447F /* FrameworkDetailView.swift in Sources */,
				7D66216F2E412B900083447F /* FrameworkGridViewModel.swift in Sources */,
				7D6621702E412B900083447F /* FramewApp.swift in Sources */,
				7D6621712E412B900083447F /* SafariView.swift in Sources */,
				7D6621722E412B900083447F /* FrameworkGridView.swift in Sources */,
			);
			runOnlyForDeploymentPostprocessing = 0;
		};
		7D6620972E32B1D70083447F /* Sources */ = {
			isa = PBXSourcesBuildPhase;
			buildActionMask = 2147483647;
			files = (
			);
			runOnlyForDeploymentPostprocessing = 0;
		};
		7D6620A12E32B1D70083447F /* Sources */ = {
			isa = PBXSourcesBuildPhase;
			buildActionMask = 2147483647;
			files = (
			);
			runOnlyForDeploymentPostprocessing = 0;
		};
/* End PBXSourcesBuildPhase section */

/* Begin PBXTargetDependency section */
		7D66209D2E32B1D70083447F /* PBXTargetDependency */ = {
			isa = PBXTargetDependency;
			target = 7D66208A2E32B1D60083447F /* Framew */;
			targetProxy = 7D66209C2E32B1D70083447F /* PBXContainerItemProxy */;
		};
		7D6620A72E32B1D70083447F /* PBXTargetDependency */ = {
			isa = PBXTargetDependency;
			target = 7D66208A2E32B1D60083447F /* Framew */;
			targetProxy = 7D6620A62E32B1D70083447F /* PBXContainerItemProxy */;
		};
/* End PBXTargetDependency section */

/* Begin XCBuildConfiguration section */
		7D6620AD2E32B1D70083447F /* Debug */ = {
			isa = XCBuildConfiguration;
			buildSettings = {
				ALWAYS_SEARCH_USER_PATHS = NO;
				ASSETCATALOG_COMPILER_GENERATE_SWIFT_ASSET_SYMBOL_EXTENSIONS = YES;
				CLANG_ANALYZER_NONNULL = YES;
				CLANG_ANALYZER_NUMBER_OBJECT_CONVERSION = YES_AGGRESSIVE;
				CLANG_CXX_LANGUAGE_STANDARD = "gnu++20";
				CLANG_ENABLE_MODULES = YES;
				CLANG_ENABLE_OBJC_ARC = YES;
				CLANG_ENABLE_OBJC_WEAK = YES;
				CLANG_WARN_BLOCK_CAPTURE_AUTORELEASING = YES;
				CLANG_WARN_BOOL_CONVERSION = YES;
				CLANG_WARN_COMMA = YES;
				CLANG_WARN_CONSTANT_CONVERSION = YES;
				CLANG_WARN_DEPRECATED_OBJC_IMPLEMENTATIONS = YES;
				CLANG_WARN_DIRECT_OBJC_ISA_USAGE = YES_ERROR;
				CLANG_WARN_DOCUMENTATION_COMMENTS = YES;
				CLANG_WARN_EMPTY_BODY = YES;
				CLANG_WARN_ENUM_CONVERSION = YES;
				CLANG_WARN_INFINITE_RECURSION = YES;
				CLANG_WARN_INT_CONVERSION = YES;
				CLANG_WARN_NON_LITERAL_NULL_CONVERSION = YES;
				CLANG_WARN_OBJC_IMPLICIT_RETAIN_SELF = YES;
				CLANG_WARN_OBJC_LITERAL_CONVERSION = YES;
				CLANG_WARN_OBJC_ROOT_CLASS = YES_ERROR;
				CLANG_WARN_QUOTED_INCLUDE_IN_FRAMEWORK_HEADER = YES;
				CLANG_WARN_RANGE_LOOP_ANALYSIS = YES;
				CLANG_WARN_STRICT_PROTOTYPES = YES;
				CLANG_WARN_SUSPICIOUS_MOVE = YES;
				CLANG_WARN_UNGUARDED_AVAILABILITY = YES_AGGRESSIVE;
				CLANG_WARN_UNREACHABLE_CODE = YES;
				CLANG_WARN__DUPLICATE_METHOD_MATCH = YES;
				COPY_PHASE_STRIP = NO;
				DEBUG_INFORMATION_FORMAT = dwarf;
				ENABLE_STRICT_OBJC_MSGSEND = YES;
				ENABLE_TESTABILITY = YES;
				ENABLE_USER_SCRIPT_SANDBOXING = YES;
				GCC_C_LANGUAGE_STANDARD = gnu17;
				GCC_DYNAMIC_NO_PIC = NO;
				GCC_NO_COMMON_BLOCKS = YES;
				GCC_OPTIMIZATION_LEVEL = 0;
				GCC_PREPROCESSOR_DEFINITIONS = (
					"DEBUG=1",
					"$(inherited)",
				);
				GCC_WARN_64_TO_32_BIT_CONVERSION = YES;
				GCC_WARN_ABOUT_RETURN_TYPE = YES_ERROR;
				GCC_WARN_UNDECLARED_SELECTOR = YES;
				GCC_WARN_UNINITIALIZED_AUTOS = YES_AGGRESSIVE;
				GCC_WARN_UNUSED_FUNCTION = YES;
				GCC_WARN_UNUSED_VARIABLE = YES;
				IPHONEOS_DEPLOYMENT_TARGET = 18.0;
				LOCALIZATION_PREFERS_STRING_CATALOGS = YES;
				MTL_ENABLE_DEBUG_INFO = INCLUDE_SOURCE;
				MTL_FAST_MATH = YES;
				ONLY_ACTIVE_ARCH = YES;
				SDKROOT = iphoneos;
				SWIFT_ACTIVE_COMPILATION_CONDITIONS = "DEBUG $(inherited)";
				SWIFT_OPTIMIZATION_LEVEL = "-Onone";
			};
			name = Debug;
		};
		7D6620AE2E32B1D70083447F /* Release */ = {
			isa = XCBuildConfiguration;
			buildSettings = {
				ALWAYS_SEARCH_USER_PATHS = NO;
				ASSETCATALOG_COMPILER_GENERATE_SWIFT_ASSET_SYMBOL_EXTENSIONS = YES;
				CLANG_ANALYZER_NONNULL = YES;
				CLANG_ANALYZER_NUMBER_OBJECT_CONVERSION = YES_AGGRESSIVE;
				CLANG_CXX_LANGUAGE_STANDARD = "gnu++20";
				CLANG_ENABLE_MODULES = YES;
				CLANG_ENABLE_OBJC_ARC = YES;
				CLANG_ENABLE_OBJC_WEAK = YES;
				CLANG_WARN_BLOCK_CAPTURE_AUTORELEASING = YES;
				CLANG_WARN_BOOL_CONVERSION = YES;
				CLANG_WARN_COMMA = YES;
				CLANG_WARN_CONSTANT_CONVERSION = YES;
				CLANG_WARN_DEPRECATED_OBJC_IMPLEMENTATIONS = YES;
				CLANG_WARN_DIRECT_OBJC_ISA_USAGE = YES_ERROR;
				CLANG_WARN_DOCUMENTATION_COMMENTS = YES;
				CLANG_WARN_EMPTY_BODY = YES;
				CLANG_WARN_ENUM_CONVERSION = YES;
				CLANG_WARN_INFINITE_RECURSION = YES;
				CLANG_WARN_INT_CONVERSION = YES;
				CLANG_WARN_NON_LITERAL_NULL_CONVERSION = YES;
				CLANG_WARN_OBJC_IMPLICIT_RETAIN_SELF = YES;
				CLANG_WARN_OBJC_LITERAL_CONVERSION = YES;
				CLANG_WARN_OBJC_ROOT_CLASS = YES_ERROR;
				CLANG_WARN_QUOTED_INCLUDE_IN_FRAMEWORK_HEADER = YES;
				CLANG_WARN_RANGE_LOOP_ANALYSIS = YES;
				CLANG_WARN_STRICT_PROTOTYPES = YES;
				CLANG_WARN_SUSPICIOUS_MOVE = YES;
				CLANG_WARN_UNGUARDED_AVAILABILITY = YES_AGGRESSIVE;
				CLANG_WARN_UNREACHABLE_CODE = YES;
				CLANG_WARN__DUPLICATE_METHOD_MATCH = YES;
				COPY_PHASE_STRIP = NO;
				DEBUG_INFORMATION_FORMAT = "dwarf-with-dsym";
				ENABLE_NS_ASSERTIONS = NO;
				ENABLE_STRICT_OBJC_MSGSEND = YES;
				ENABLE_USER_SCRIPT_SANDBOXING = YES;
				GCC_C_LANGUAGE_STANDARD = gnu17;
				GCC_NO_COMMON_BLOCKS = YES;
				GCC_WARN_64_TO_32_BIT_CONVERSION = YES;
				GCC_WARN_ABOUT_RETURN_TYPE = YES_ERROR;
				GCC_WARN_UNDECLARED_SELECTOR = YES;
				GCC_WARN_UNINITIALIZED_AUTOS = YES_AGGRESSIVE;
				GCC_WARN_UNUSED_FUNCTION = YES;
				GCC_WARN_UNUSED_VARIABLE = YES;
				IPHONEOS_DEPLOYMENT_TARGET = 18.0;
				LOCALIZATION_PREFERS_STRING_CATALOGS = YES;
				MTL_ENABLE_DEBUG_INFO = NO;
				MTL_FAST_MATH = YES;
				SDKROOT = iphoneos;
				SWIFT_COMPILATION_MODE = wholemodule;
				VALIDATE_PRODUCT = YES;
			};
			name = Release;
		};
		7D6620B02E32B1D70083447F /* Debug */ = {
			isa = XCBuildConfiguration;
			buildSettings = {
				ASSETCATALOG_COMPILER_APPICON_NAME = AppIcon;
				ASSETCATALOG_COMPILER_GLOBAL_ACCENT_COLOR_NAME = AccentColor;
				CODE_SIGN_STYLE = Automatic;
				CURRENT_PROJECT_VERSION = 1;
				DEVELOPMENT_ASSET_PATHS = "\"Framew/Preview Content\"";
				DEVELOPMENT_TEAM = P3M5HJ6CYS;
				ENABLE_PREVIEWS = YES;
				GENERATE_INFOPLIST_FILE = YES;
				INFOPLIST_KEY_UIApplicationSceneManifest_Generation = YES;
				INFOPLIST_KEY_UIApplicationSupportsIndirectInputEvents = YES;
				INFOPLIST_KEY_UILaunchScreen_Generation = YES;
				INFOPLIST_KEY_UISupportedInterfaceOrientations_iPad = "UIInterfaceOrientationPortrait UIInterfaceOrientationPortraitUpsideDown UIInterfaceOrientationLandscapeLeft UIInterfaceOrientationLandscapeRight";
				INFOPLIST_KEY_UISupportedInterfaceOrientations_iPhone = "UIInterfaceOrientationPortrait UIInterfaceOrientationLandscapeLeft UIInterfaceOrientationLandscapeRight";
				LD_RUNPATH_SEARCH_PATHS = (
					"$(inherited)",
					"@executable_path/Frameworks",
				);
				MARKETING_VERSION = 1.0;
				PRODUCT_BUNDLE_IDENTIFIER = com.darialoposhuk.abc.Framew;
				PRODUCT_NAME = "$(TARGET_NAME)";
				SWIFT_EMIT_LOC_STRINGS = YES;
				SWIFT_VERSION = 5.0;
				TARGETED_DEVICE_FAMILY = "1,2";
			};
			name = Debug;
		};
		7D6620B12E32B1D70083447F /* Release */ = {
			isa = XCBuildConfiguration;
			buildSettings = {
				ASSETCATALOG_COMPILER_APPICON_NAME = AppIcon;
				ASSETCATALOG_COMPILER_GLOBAL_ACCENT_COLOR_NAME = AccentColor;
				CODE_SIGN_STYLE = Automatic;
				CURRENT_PROJECT_VERSION = 1;
				DEVELOPMENT_ASSET_PATHS = "\"Framew/Preview Content\"";
				DEVELOPMENT_TEAM = P3M5HJ6CYS;
				ENABLE_PREVIEWS = YES;
				GENERATE_INFOPLIST_FILE = YES;
				INFOPLIST_KEY_UIApplicationSceneManifest_Generation = YES;
				INFOPLIST_KEY_UIApplicationSupportsIndirectInputEvents = YES;
				INFOPLIST_KEY_UILaunchScreen_Generation = YES;
				INFOPLIST_KEY_UISupportedInterfaceOrientations_iPad = "UIInterfaceOrientationPortrait UIInterfaceOrientationPortraitUpsideDown UIInterfaceOrientationLandscapeLeft UIInterfaceOrientationLandscapeRight";
				INFOPLIST_KEY_UISupportedInterfaceOrientations_iPhone = "UIInterfaceOrientationPortrait UIInterfaceOrientationLandscapeLeft UIInterfaceOrientationLandscapeRight";
				LD_RUNPATH_SEARCH_PATHS = (
					"$(inherited)",
					"@executable_path/Frameworks",
				);
				MARKETING_VERSION = 1.0;
				PRODUCT_BUNDLE_IDENTIFIER = com.darialoposhuk.abc.Framew;
				PRODUCT_NAME = "$(TARGET_NAME)";
				SWIFT_EMIT_LOC_STRINGS = YES;
				SWIFT_VERSION = 5.0;
				TARGETED_DEVICE_FAMILY = "1,2";
			};
			name = Release;
		};
		7D6620B32E32B1D70083447F /* Debug */ = {
			isa = XCBuildConfiguration;
			buildSettings = {
				BUNDLE_LOADER = "$(TEST_HOST)";
				CODE_SIGN_STYLE = Automatic;
				CURRENT_PROJECT_VERSION = 1;
				DEVELOPMENT_TEAM = P3M5HJ6CYS;
				GENERATE_INFOPLIST_FILE = YES;
				IPHONEOS_DEPLOYMENT_TARGET = 18.0;
				MARKETING_VERSION = 1.0;
				PRODUCT_BUNDLE_IDENTIFIER = com.darialoposhuk.abc.FramewTests;
				PRODUCT_NAME = "$(TARGET_NAME)";
				SWIFT_EMIT_LOC_STRINGS = NO;
				SWIFT_VERSION = 5.0;
				TARGETED_DEVICE_FAMILY = "1,2";
				TEST_HOST = "$(BUILT_PRODUCTS_DIR)/Framew.app/$(BUNDLE_EXECUTABLE_FOLDER_PATH)/Framew";
			};
			name = Debug;
		};
		7D6620B42E32B1D70083447F /* Release */ = {
			isa = XCBuildConfiguration;
			buildSettings = {
				BUNDLE_LOADER = "$(TEST_HOST)";
				CODE_SIGN_STYLE = Automatic;
				CURRENT_PROJECT_VERSION = 1;
				DEVELOPMENT_TEAM = P3M5HJ6CYS;
				GENERATE_INFOPLIST_FILE = YES;
				IPHONEOS_DEPLOYMENT_TARGET = 18.0;
				MARKETING_VERSION = 1.0;
				PRODUCT_BUNDLE_IDENTIFIER = com.darialoposhuk.abc.FramewTests;
				PRODUCT_NAME = "$(TARGET_NAME)";
				SWIFT_EMIT_LOC_STRINGS = NO;
				SWIFT_VERSION = 5.0;
				TARGETED_DEVICE_FAMILY = "1,2";
				TEST_HOST = "$(BUILT_PRODUCTS_DIR)/Framew.app/$(BUNDLE_EXECUTABLE_FOLDER_PATH)/Framew";
			};
			name = Release;
		};
		7D6620B62E32B1D70083447F /* Debug */ = {
			isa = XCBuildConfiguration;
			buildSettings = {
				CODE_SIGN_STYLE = Automatic;
				CURRENT_PROJECT_VERSION = 1;
				DEVELOPMENT_TEAM = P3M5HJ6CYS;
				GENERATE_INFOPLIST_FILE = YES;
				MARKETING_VERSION = 1.0;
				PRODUCT_BUNDLE_IDENTIFIER = com.darialoposhuk.abc.FramewUITests;
				PRODUCT_NAME = "$(TARGET_NAME)";
				SWIFT_EMIT_LOC_STRINGS = NO;
				SWIFT_VERSION = 5.0;
				TARGETED_DEVICE_FAMILY = "1,2";
				TEST_TARGET_NAME = Framew;
			};
			name = Debug;
		};
		7D6620B72E32B1D70083447F /* Release */ = {
			isa = XCBuildConfiguration;
			buildSettings = {
				CODE_SIGN_STYLE = Automatic;
				CURRENT_PROJECT_VERSION = 1;
				DEVELOPMENT_TEAM = P3M5HJ6CYS;
				GENERATE_INFOPLIST_FILE = YES;
				MARKETING_VERSION = 1.0;
				PRODUCT_BUNDLE_IDENTIFIER = com.darialoposhuk.abc.FramewUITests;
				PRODUCT_NAME = "$(TARGET_NAME)";
				SWIFT_EMIT_LOC_STRINGS = NO;
				SWIFT_VERSION = 5.0;
				TARGETED_DEVICE_FAMILY = "1,2";
				TEST_TARGET_NAME = Framew;
			};
			name = Release;
		};
/* End XCBuildConfiguration section */

/* Begin XCConfigurationList section */
		7D6620862E32B1D60083447F /* Build configuration list for PBXProject "Framew" */ = {
			isa = XCConfigurationList;
			buildConfigurations = (
				7D6620AD2E32B1D70083447F /* Debug */,
				7D6620AE2E32B1D70083447F /* Release */,
			);
			defaultConfigurationIsVisible = 0;
			defaultConfigurationName = Release;
		};
		7D6620AF2E32B1D70083447F /* Build configuration list for PBXNativeTarget "Framew" */ = {
			isa = XCConfigurationList;
			buildConfigurations = (
				7D6620B02E32B1D70083447F /* Debug */,
				7D6620B12E32B1D70083447F /* Release */,
			);
			defaultConfigurationIsVisible = 0;
			defaultConfigurationName = Release;
		};
		7D6620B22E32B1D70083447F /* Build configuration list for PBXNativeTarget "FramewTests" */ = {
			isa = XCConfigurationList;
			buildConfigurations = (
				7D6620B32E32B1D70083447F /* Debug */,
				7D6620B42E32B1D70083447F /* Release */,
			);
			defaultConfigurationIsVisible = 0;
			defaultConfigurationName = Release;
		};
		7D6620B52E32B1D70083447F /* Build configuration list for PBXNativeTarget "FramewUITests" */ = {
			isa = XCConfigurationList;
			buildConfigurations = (
				7D6620B62E32B1D70083447F /* Debug */,
				7D6620B72E32B1D70083447F /* Release */,
			);
			defaultConfigurationIsVisible = 0;
			defaultConfigurationName = Release;
		};
/* End XCConfigurationList section */
	};
	rootObject = 7D6620832E32B1D60083447F /* Project object */;
}
